
Microsoft Visual Studio Solution File, Format Version 12.00
# Visual Studio Version 17
VisualStudioVersion = 17.11.35303.130
MinimumVisualStudioVersion = 10.0.40219.1
Project("{FAE04EC0-301F-11D3-BF4B-00C04F79EFBC}") = "HBM-RBMKalc", "HBM-RBMKalc.csproj", "{0A64C818-56B7-459B-91EA-C976F24D9D0B}"
EndProject
Global
	GlobalSection(SolutionConfigurationPlatforms) = preSolution
		Debug|Any CPU = Debug|Any CPU
		Release|Any CPU = Release|Any CPU
	EndGlobalSection
	GlobalSection(ProjectConfigurationPlatforms) = postSolution
		{0A64C818-56B7-459B-91EA-C976F24D9D0B}.Debug|Any CPU.ActiveCfg = Debug|Any CPU
		{0A64C818-56B7-459B-91EA-C976F24D9D0B}.Debug|Any CPU.Build.0 = Debug|Any CPU
		{0A64C818-56B7-459B-91EA-C976F24D9D0B}.Release|Any CPU.ActiveCfg = Release|Any CPU
		{0A64C818-56B7-459B-91EA-C976F24D9D0B}.Release|Any CPU.Build.0 = Release|Any CPU
	EndGlobalSection
	GlobalSection(SolutionProperties) = preSolution
		HideSolutionNode = FALSE
	EndGlobalSection
	GlobalSection(ExtensibilityGlobals) = postSolution
		SolutionGuid = {D505BE07-981E-479D-BA45-DF548238743D}
	EndGlobalSection
EndGlobal
